// !$*UTF8*$!
{
	archiveVersion = 1;
	classes = {
	};
	objectVersion = 50;
	objects = {

/* Begin PBXBuildFile section */
		133A341123397D3000D680A5 /* CarDetailsViewController.swift in Sources */ = {isa = PBXBuildFile; fileRef = 133A341023397D3000D680A5 /* CarDetailsViewController.swift */; };
		133A34182339A6B100D680A5 /* CadastroCarroViewController.swift in Sources */ = {isa = PBXBuildFile; fileRef = 133A34172339A6B000D680A5 /* CadastroCarroViewController.swift */; };
		13880CA1233585A700786BD7 /* AppDelegate.swift in Sources */ = {isa = PBXBuildFile; fileRef = 13880CA0233585A700786BD7 /* AppDelegate.swift */; };
		13880CA3233585A700786BD7 /* ViewController.swift in Sources */ = {isa = PBXBuildFile; fileRef = 13880CA2233585A700786BD7 /* ViewController.swift */; };
		13880CA6233585A700786BD7 /* Main.storyboard in Resources */ = {isa = PBXBuildFile; fileRef = 13880CA4233585A700786BD7 /* Main.storyboard */; };
		13880CA8233585A900786BD7 /* Assets.xcassets in Resources */ = {isa = PBXBuildFile; fileRef = 13880CA7233585A900786BD7 /* Assets.xcassets */; };
		13880CAB233585A900786BD7 /* LaunchScreen.storyboard in Resources */ = {isa = PBXBuildFile; fileRef = 13880CA9233585A900786BD7 /* LaunchScreen.storyboard */; };
		13880CB32335865200786BD7 /* carros.json in Resources */ = {isa = PBXBuildFile; fileRef = 13880CB22335865200786BD7 /* carros.json */; };
		13880CB82335869400786BD7 /* Carro.swift in Sources */ = {isa = PBXBuildFile; fileRef = 13880CB72335869400786BD7 /* Carro.swift */; };
		13880CBB2335881900786BD7 /* CarroProvider.swift in Sources */ = {isa = PBXBuildFile; fileRef = 13880CBA2335881900786BD7 /* CarroProvider.swift */; };
		13880CBD2335885F00786BD7 /* CarroController.swift in Sources */ = {isa = PBXBuildFile; fileRef = 13880CBC2335885F00786BD7 /* CarroController.swift */; };
		13880CC023358C7200786BD7 /* CustomTableViewCell.swift in Sources */ = {isa = PBXBuildFile; fileRef = 13880CBE23358C7200786BD7 /* CustomTableViewCell.swift */; };
		13880CC123358C7200786BD7 /* CustomTableViewCell.xib in Resources */ = {isa = PBXBuildFile; fileRef = 13880CBF23358C7200786BD7 /* CustomTableViewCell.xib */; };
/* End PBXBuildFile section */

/* Begin PBXFileReference section */
		133A341023397D3000D680A5 /* CarDetailsViewController.swift */ = {isa = PBXFileReference; lastKnownFileType = sourcecode.swift; path = CarDetailsViewController.swift; sourceTree = "<group>"; };
		133A34172339A6B000D680A5 /* CadastroCarroViewController.swift */ = {isa = PBXFileReference; fileEncoding = 4; lastKnownFileType = sourcecode.swift; path = CadastroCarroViewController.swift; sourceTree = "<group>"; };
		13880C9D233585A700786BD7 /* desafioemsala.app */ = {isa = PBXFileReference; explicitFileType = wrapper.application; includeInIndex = 0; path = desafioemsala.app; sourceTree = BUILT_PRODUCTS_DIR; };
		13880CA0233585A700786BD7 /* AppDelegate.swift */ = {isa = PBXFileReference; lastKnownFileType = sourcecode.swift; path = AppDelegate.swift; sourceTree = "<group>"; };
		13880CA2233585A700786BD7 /* ViewController.swift */ = {isa = PBXFileReference; lastKnownFileType = sourcecode.swift; path = ViewController.swift; sourceTree = "<group>"; };
		13880CA5233585A700786BD7 /* Base */ = {isa = PBXFileReference; lastKnownFileType = file.storyboard; name = Base; path = Base.lproj/Main.storyboard; sourceTree = "<group>"; };
		13880CA7233585A900786BD7 /* Assets.xcassets */ = {isa = PBXFileReference; lastKnownFileType = folder.assetcatalog; path = Assets.xcassets; sourceTree = "<group>"; };
		13880CAA233585A900786BD7 /* Base */ = {isa = PBXFileReference; lastKnownFileType = file.storyboard; name = Base; path = Base.lproj/LaunchScreen.storyboard; sourceTree = "<group>"; };
		13880CAC233585A900786BD7 /* Info.plist */ = {isa = PBXFileReference; lastKnownFileType = text.plist.xml; path = Info.plist; sourceTree = "<group>"; };
		13880CB22335865200786BD7 /* carros.json */ = {isa = PBXFileReference; lastKnownFileType = text.json; path = carros.json; sourceTree = "<group>"; };
		13880CB72335869400786BD7 /* Carro.swift */ = {isa = PBXFileReference; lastKnownFileType = sourcecode.swift; path = Carro.swift; sourceTree = "<group>"; };
		13880CBA2335881900786BD7 /* CarroProvider.swift */ = {isa = PBXFileReference; lastKnownFileType = sourcecode.swift; path = CarroProvider.swift; sourceTree = "<group>"; };
		13880CBC2335885F00786BD7 /* CarroController.swift */ = {isa = PBXFileReference; lastKnownFileType = sourcecode.swift; path = CarroController.swift; sourceTree = "<group>"; };
		13880CBE23358C7200786BD7 /* CustomTableViewCell.swift */ = {isa = PBXFileReference; lastKnownFileType = sourcecode.swift; path = CustomTableViewCell.swift; sourceTree = "<group>"; };
		13880CBF23358C7200786BD7 /* CustomTableViewCell.xib */ = {isa = PBXFileReference; lastKnownFileType = file.xib; path = CustomTableViewCell.xib; sourceTree = "<group>"; };
/* End PBXFileReference section */

/* Begin PBXFrameworksBuildPhase section */
		13880C9A233585A700786BD7 /* Frameworks */ = {
			isa = PBXFrameworksBuildPhase;
			buildActionMask = 2147483647;
			files = (
			);
			runOnlyForDeploymentPostprocessing = 0;
		};
/* End PBXFrameworksBuildPhase section */

/* Begin PBXGroup section */
		133A341223399F1B00D680A5 /* Cell */ = {
			isa = PBXGroup;
			children = (
				13880CBE23358C7200786BD7 /* CustomTableViewCell.swift */,
				13880CBF23358C7200786BD7 /* CustomTableViewCell.xib */,
			);
			path = Cell;
			sourceTree = "<group>";
		};
		13880C94233585A700786BD7 = {
			isa = PBXGroup;
			children = (
				13880C9F233585A700786BD7 /* desafioemsala */,
				13880C9E233585A700786BD7 /* Products */,
			);
			sourceTree = "<group>";
		};
		13880C9E233585A700786BD7 /* Products */ = {
			isa = PBXGroup;
			children = (
				13880C9D233585A700786BD7 /* desafioemsala.app */,
			);
			name = Products;
			sourceTree = "<group>";
		};
		13880C9F233585A700786BD7 /* desafioemsala */ = {
			isa = PBXGroup;
			children = (
				13880CA9233585A900786BD7 /* LaunchScreen.storyboard */,
				13880CA0233585A700786BD7 /* AppDelegate.swift */,
				13880CB9233587F000786BD7 /* Provider */,
				13880CB62335867B00786BD7 /* Model */,
				13880CB52335867600786BD7 /* View */,
				13880CB42335866D00786BD7 /* Controller */,
				13880CA7233585A900786BD7 /* Assets.xcassets */,
				13880CAC233585A900786BD7 /* Info.plist */,
			);
			path = desafioemsala;
			sourceTree = "<group>";
		};
		13880CB42335866D00786BD7 /* Controller */ = {
			isa = PBXGroup;
			children = (
				13880CBC2335885F00786BD7 /* CarroController.swift */,
			);
			path = Controller;
			sourceTree = "<group>";
		};
		13880CB52335867600786BD7 /* View */ = {
			isa = PBXGroup;
			children = (
				133A341223399F1B00D680A5 /* Cell */,
				13880CA4233585A700786BD7 /* Main.storyboard */,
				133A34172339A6B000D680A5 /* CadastroCarroViewController.swift */,
				13880CA2233585A700786BD7 /* ViewController.swift */,
				133A341023397D3000D680A5 /* CarDetailsViewController.swift */,
			);
			path = View;
			sourceTree = "<group>";
		};
		13880CB62335867B00786BD7 /* Model */ = {
			isa = PBXGroup;
			children = (
				13880CB22335865200786BD7 /* carros.json */,
				13880CB72335869400786BD7 /* Carro.swift */,
			);
			path = Model;
			sourceTree = "<group>";
		};
		13880CB9233587F000786BD7 /* Provider */ = {
			isa = PBXGroup;
			children = (
				13880CBA2335881900786BD7 /* CarroProvider.swift */,
			);
			path = Provider;
			sourceTree = "<group>";
		};
/* End PBXGroup section */

/* Begin PBXNativeTarget section */
		13880C9C233585A700786BD7 /* desafioemsala */ = {
			isa = PBXNativeTarget;
			buildConfigurationList = 13880CAF233585A900786BD7 /* Build configuration list for PBXNativeTarget "desafioemsala" */;
			buildPhases = (
				13880C99233585A700786BD7 /* Sources */,
				13880C9A233585A700786BD7 /* Frameworks */,
				13880C9B233585A700786BD7 /* Resources */,
			);
			buildRules = (
			);
			dependencies = (
			);
			name = desafioemsala;
			productName = desafioemsala;
			productReference = 13880C9D233585A700786BD7 /* desafioemsala.app */;
			productType = "com.apple.product-type.application";
		};
/* End PBXNativeTarget section */

/* Begin PBXProject section */
		13880C95233585A700786BD7 /* Project object */ = {
			isa = PBXProject;
			attributes = {
				LastSwiftUpdateCheck = 0940;
				LastUpgradeCheck = 0940;
				ORGANIZATIONNAME = br.com.esther;
				TargetAttributes = {
					13880C9C233585A700786BD7 = {
						CreatedOnToolsVersion = 9.4.1;
					};
				};
			};
			buildConfigurationList = 13880C98233585A700786BD7 /* Build configuration list for PBXProject "desafioemsala" */;
			compatibilityVersion = "Xcode 9.3";
			developmentRegion = en;
			hasScannedForEncodings = 0;
			knownRegions = (
				en,
				Base,
			);
			mainGroup = 13880C94233585A700786BD7;
			productRefGroup = 13880C9E233585A700786BD7 /* Products */;
			projectDirPath = "";
			projectRoot = "";
			targets = (
				13880C9C233585A700786BD7 /* desafioemsala */,
			);
		};
/* End PBXProject section */

/* Begin PBXResourcesBuildPhase section */
		13880C9B233585A700786BD7 /* Resources */ = {
			isa = PBXResourcesBuildPhase;
			buildActionMask = 2147483647;
			files = (
				13880CAB233585A900786BD7 /* LaunchScreen.storyboard in Resources */,
				13880CB32335865200786BD7 /* carros.json in Resources */,
				13880CA8233585A900786BD7 /* Assets.xcassets in Resources */,
				13880CC123358C7200786BD7 /* CustomTableViewCell.xib in Resources */,
				13880CA6233585A700786BD7 /* Main.storyboard in Resources */,
			);
			runOnlyForDeploymentPostprocessing = 0;
		};
/* End PBXResourcesBuildPhase section */

/* Begin PBXSourcesBuildPhase section */
		13880C99233585A700786BD7 /* Sources */ = {
			isa = PBXSourcesBuildPhase;
			buildActionMask = 2147483647;
			files = (
				13880CC023358C7200786BD7 /* CustomTableViewCell.swift in Sources */,
				133A34182339A6B100D680A5 /* CadastroCarroViewController.swift in Sources */,
				133A341123397D3000D680A5 /* CarDetailsViewController.swift in Sources */,
				13880CBB2335881900786BD7 /* CarroProvider.swift in Sources */,
				13880CBD2335885F00786BD7 /* CarroController.swift in Sources */,
				13880CA3233585A700786BD7 /* ViewController.swift in Sources */,
				13880CB82335869400786BD7 /* Carro.swift in Sources */,
				13880CA1233585A700786BD7 /* AppDelegate.swift in Sources */,
			);
			runOnlyForDeploymentPostprocessing = 0;
		};
/* End PBXSourcesBuildPhase section */

/* Begin PBXVariantGroup section */
		13880CA4233585A700786BD7 /* Main.storyboard */ = {
			isa = PBXVariantGroup;
			children = (
				13880CA5233585A700786BD7 /* Base */,
			);
			name = Main.storyboard;
			sourceTree = "<group>";
		};
		13880CA9233585A900786BD7 /* LaunchScreen.storyboard */ = {
			isa = PBXVariantGroup;
			children = (
				13880CAA233585A900786BD7 /* Base */,
			);
			name = LaunchScreen.storyboard;
			sourceTree = "<group>";
		};
/* End PBXVariantGroup section */

/* Begin XCBuildConfiguration section */
		13880CAD233585A900786BD7 /* Debug */ = {
			isa = XCBuildConfiguration;
			buildSettings = {
				ALWAYS_SEARCH_USER_PATHS = NO;
				CLANG_ANALYZER_NONNULL = YES;
				CLANG_ANALYZER_NUMBER_OBJECT_CONVERSION = YES_AGGRESSIVE;
				CLANG_CXX_LANGUAGE_STANDARD = "gnu++14";
				CLANG_CXX_LIBRARY = "libc++";
				CLANG_ENABLE_MODULES = YES;
				CLANG_ENABLE_OBJC_ARC = YES;
				CLANG_ENABLE_OBJC_WEAK = YES;
				CLANG_WARN_BLOCK_CAPTURE_AUTORELEASING = YES;
				CLANG_WARN_BOOL_CONVERSION = YES;
				CLANG_WARN_COMMA = YES;
				CLANG_WARN_CONSTANT_CONVERSION = YES;
				CLANG_WARN_DEPRECATED_OBJC_IMPLEMENTATIONS = YES;
				CLANG_WARN_DIRECT_OBJC_ISA_USAGE = YES_ERROR;
				CLANG_WARN_DOCUMENTATION_COMMENTS = YES;
				CLANG_WARN_EMPTY_BODY = YES;
				CLANG_WARN_ENUM_CONVERSION = YES;
				CLANG_WARN_INFINITE_RECURSION = YES;
				CLANG_WARN_INT_CONVERSION = YES;
				CLANG_WARN_NON_LITERAL_NULL_CONVERSION = YES;
				CLANG_WARN_OBJC_IMPLICIT_RETAIN_SELF = YES;
				CLANG_WARN_OBJC_LITERAL_CONVERSION = YES;
				CLANG_WARN_OBJC_ROOT_CLASS = YES_ERROR;
				CLANG_WARN_RANGE_LOOP_ANALYSIS = YES;
				CLANG_WARN_STRICT_PROTOTYPES = YES;
				CLANG_WARN_SUSPICIOUS_MOVE = YES;
				CLANG_WARN_UNGUARDED_AVAILABILITY = YES_AGGRESSIVE;
				CLANG_WARN_UNREACHABLE_CODE = YES;
				CLANG_WARN__DUPLICATE_METHOD_MATCH = YES;
				CODE_SIGN_IDENTITY = "iPhone Developer";
				COPY_PHASE_STRIP = NO;
				DEBUG_INFORMATION_FORMAT = dwarf;
				ENABLE_STRICT_OBJC_MSGSEND = YES;
				ENABLE_TESTABILITY = YES;
				GCC_C_LANGUAGE_STANDARD = gnu11;
				GCC_DYNAMIC_NO_PIC = NO;
				GCC_NO_COMMON_BLOCKS = YES;
				GCC_OPTIMIZATION_LEVEL = 0;
				GCC_PREPROCESSOR_DEFINITIONS = (
					"DEBUG=1",
					"$(inherited)",
				);
				GCC_WARN_64_TO_32_BIT_CONVERSION = YES;
				GCC_WARN_ABOUT_RETURN_TYPE = YES_ERROR;
				GCC_WARN_UNDECLARED_SELECTOR = YES;
				GCC_WARN_UNINITIALIZED_AUTOS = YES_AGGRESSIVE;
				GCC_WARN_UNUSED_FUNCTION = YES;
				GCC_WARN_UNUSED_VARIABLE = YES;
				IPHONEOS_DEPLOYMENT_TARGET = 11.4;
				MTL_ENABLE_DEBUG_INFO = YES;
				ONLY_ACTIVE_ARCH = YES;
				SDKROOT = iphoneos;
				SWIFT_ACTIVE_COMPILATION_CONDITIONS = DEBUG;
				SWIFT_OPTIMIZATION_LEVEL = "-Onone";
			};
			name = Debug;
		};
		13880CAE233585A900786BD7 /* Release */ = {
			isa = XCBuildConfiguration;
			buildSettings = {
				ALWAYS_SEARCH_USER_PATHS = NO;
				CLANG_ANALYZER_NONNULL = YES;
				CLANG_ANALYZER_NUMBER_OBJECT_CONVERSION = YES_AGGRESSIVE;
				CLANG_CXX_LANGUAGE_STANDARD = "gnu++14";
				CLANG_CXX_LIBRARY = "libc++";
				CLANG_ENABLE_MODULES = YES;
				CLANG_ENABLE_OBJC_ARC = YES;
				CLANG_ENABLE_OBJC_WEAK = YES;
				CLANG_WARN_BLOCK_CAPTURE_AUTORELEASING = YES;
				CLANG_WARN_BOOL_CONVERSION = YES;
				CLANG_WARN_COMMA = YES;
				CLANG_WARN_CONSTANT_CONVERSION = YES;
				CLANG_WARN_DEPRECATED_OBJC_IMPLEMENTATIONS = YES;
				CLANG_WARN_DIRECT_OBJC_ISA_USAGE = YES_ERROR;
				CLANG_WARN_DOCUMENTATION_COMMENTS = YES;
				CLANG_WARN_EMPTY_BODY = YES;
				CLANG_WARN_ENUM_CONVERSION = YES;
				CLANG_WARN_INFINITE_RECURSION = YES;
				CLANG_WARN_INT_CONVERSION = YES;
				CLANG_WARN_NON_LITERAL_NULL_CONVERSION = YES;
				CLANG_WARN_OBJC_IMPLICIT_RETAIN_SELF = YES;
				CLANG_WARN_OBJC_LITERAL_CONVERSION = YES;
				CLANG_WARN_OBJC_ROOT_CLASS = YES_ERROR;
				CLANG_WARN_RANGE_LOOP_ANALYSIS = YES;
				CLANG_WARN_STRICT_PROTOTYPES = YES;
				CLANG_WARN_SUSPICIOUS_MOVE = YES;
				CLANG_WARN_UNGUARDED_AVAILABILITY = YES_AGGRESSIVE;
				CLANG_WARN_UNREACHABLE_CODE = YES;
				CLANG_WARN__DUPLICATE_METHOD_MATCH = YES;
				CODE_SIGN_IDENTITY = "iPhone Developer";
				COPY_PHASE_STRIP = NO;
				DEBUG_INFORMATION_FORMAT = "dwarf-with-dsym";
				ENABLE_NS_ASSERTIONS = NO;
				ENABLE_STRICT_OBJC_MSGSEND = YES;
				GCC_C_LANGUAGE_STANDARD = gnu11;
				GCC_NO_COMMON_BLOCKS = YES;
				GCC_WARN_64_TO_32_BIT_CONVERSION = YES;
				GCC_WARN_ABOUT_RETURN_TYPE = YES_ERROR;
				GCC_WARN_UNDECLARED_SELECTOR = YES;
				GCC_WARN_UNINITIALIZED_AUTOS = YES_AGGRESSIVE;
				GCC_WARN_UNUSED_FUNCTION = YES;
				GCC_WARN_UNUSED_VARIABLE = YES;
				IPHONEOS_DEPLOYMENT_TARGET = 11.4;
				MTL_ENABLE_DEBUG_INFO = NO;
				SDKROOT = iphoneos;
				SWIFT_COMPILATION_MODE = wholemodule;
				SWIFT_OPTIMIZATION_LEVEL = "-O";
				VALIDATE_PRODUCT = YES;
			};
			name = Release;
		};
		13880CB0233585A900786BD7 /* Debug */ = {
			isa = XCBuildConfiguration;
			buildSettings = {
				ASSETCATALOG_COMPILER_APPICON_NAME = AppIcon;
				CODE_SIGN_STYLE = Automatic;
				INFOPLIST_FILE = desafioemsala/Info.plist;
				LD_RUNPATH_SEARCH_PATHS = (
					"$(inherited)",
					"@executable_path/Frameworks",
				);
				PRODUCT_BUNDLE_IDENTIFIER = br.com.esther.desafioemsala;
				PRODUCT_NAME = "$(TARGET_NAME)";
				SWIFT_VERSION = 4.0;
				TARGETED_DEVICE_FAMILY = "1,2";
			};
			name = Debug;
		};
		13880CB1233585A900786BD7 /* Release */ = {
			isa = XCBuildConfiguration;
			buildSettings = {
				ASSETCATALOG_COMPILER_APPICON_NAME = AppIcon;
				CODE_SIGN_STYLE = Automatic;
				INFOPLIST_FILE = desafioemsala/Info.plist;
				LD_RUNPATH_SEARCH_PATHS = (
					"$(inherited)",
					"@executable_path/Frameworks",
				);
				PRODUCT_BUNDLE_IDENTIFIER = br.com.esther.desafioemsala;
				PRODUCT_NAME = "$(TARGET_NAME)";
				SWIFT_VERSION = 4.0;
				TARGETED_DEVICE_FAMILY = "1,2";
			};
			name = Release;
		};
/* End XCBuildConfiguration section */

/* Begin XCConfigurationList section */
		13880C98233585A700786BD7 /* Build configuration list for PBXProject "desafioemsala" */ = {
			isa = XCConfigurationList;
			buildConfigurations = (
				13880CAD233585A900786BD7 /* Debug */,
				13880CAE233585A900786BD7 /* Release */,
			);
			defaultConfigurationIsVisible = 0;
			defaultConfigurationName = Release;
		};
		13880CAF233585A900786BD7 /* Build configuration list for PBXNativeTarget "desafioemsala" */ = {
			isa = XCConfigurationList;
			buildConfigurations = (
				13880CB0233585A900786BD7 /* Debug */,
				13880CB1233585A900786BD7 /* Release */,
			);
			defaultConfigurationIsVisible = 0;
			defaultConfigurationName = Release;
		};
/* End XCConfigurationList section */
	};
	rootObject = 13880C95233585A700786BD7 /* Project object */;
}
